
Microsoft Visual Studio Solution File, Format Version 12.00
# Visual Studio Version 16
VisualStudioVersion = 16.0.29503.13
MinimumVisualStudioVersion = 10.0.40219.1
Project("{FAE04EC0-301F-11D3-BF4B-00C04F79EFBC}") = "SHA256_T3", "SHA256_T3.csproj", "{30C0FB07-DCAC-4E64-BF32-8C668F6D9CE1}"
EndProject
Global
	GlobalSection(SolutionConfigurationPlatforms) = preSolution
		Debug|Any CPU = Debug|Any CPU
		Release|Any CPU = Release|Any CPU
	EndGlobalSection
	GlobalSection(ProjectConfigurationPlatforms) = postSolution
		{30C0FB07-DCAC-4E64-BF32-8C668F6D9CE1}.Debug|Any CPU.ActiveCfg = Debug|Any CPU
		{30C0FB07-DCAC-4E64-BF32-8C668F6D9CE1}.Debug|Any CPU.Build.0 = Debug|Any CPU
		{30C0FB07-DCAC-4E64-BF32-8C668F6D9CE1}.Release|Any CPU.ActiveCfg = Release|Any CPU
		{30C0FB07-DCAC-4E64-BF32-8C668F6D9CE1}.Release|Any CPU.Build.0 = Release|Any CPU
	EndGlobalSection
	GlobalSection(SolutionProperties) = preSolution
		HideSolutionNode = FALSE
	EndGlobalSection
	GlobalSection(ExtensibilityGlobals) = postSolution
		SolutionGuid = {DA19807D-345F-4C64-BCD7-7E4161FA800C}
	EndGlobalSection
EndGlobal
